{
  "name": "front-end",
  "lockfileVersion": 2,
  "requires": true,
  "packages": {
    "": {
      "dependencies": {
        "jzz": "^1.4.8",
        "jzz-gui-player": "^1.5.7",
        "jzz-midi-smf": "^1.6.7",
        "jzz-synth-osc": "^1.1.8",
        "jzz-synth-tiny": "^1.2.8"
      }
    },
    "node_modules/@types/webmidi": {
      "version": "2.0.6",
      "resolved": "https://registry.npmjs.org/@types/webmidi/-/webmidi-2.0.6.tgz",
      "integrity": "sha512-sfS0A5IryqmBrUpcGPipEPeFdpqmZzP6b6lZFxHKgz5n2Vhzh4yJ5P2TvoDUhDjqJyv0Y25ng0Qodgo2Vu08ug=="
    },
    "node_modules/jazz-midi": {
      "version": "1.7.5",
      "resolved": "https://registry.npmjs.org/jazz-midi/-/jazz-midi-1.7.5.tgz",
      "integrity": "sha512-RUxChhn388CZfSymwwgucfaBxGu4Z0eeJOSTnUMsDN2tMx5E8G+o7h2gk/xPaDTfOORnQsJk71VhSuqiw1Hy9Q==",
      "engines": {
        "node": ">=10.0.0"
      }
    },
    "node_modules/jzz": {
      "version": "1.4.8",
      "resolved": "https://registry.npmjs.org/jzz/-/jzz-1.4.8.tgz",
      "integrity": "sha512-SwFAeLjCHHr0GwymvU0h0soYSv1hwN0AhsqTKD7rJeExEZG0yRktW0f1PrJRUb9Jh542sSaJHDpW58Y1QL4uPQ==",
      "dependencies": {
        "@types/webmidi": "^2.0.6",
        "jazz-midi": "^1.7.5"
      }
    },
    "node_modules/jzz-gui-player": {
      "version": "1.5.7",
      "resolved": "https://registry.npmjs.org/jzz-gui-player/-/jzz-gui-player-1.5.7.tgz",
      "integrity": "sha512-2oPchLCzDdt7uutu+I/hb5z95tz3AaMcSFYROG299HNgJzeDA40Skk3+mZe0HSka20+qtcFlj+zbhor4W6Fm+A==",
      "dependencies": {
        "jzz": "^1.4.8",
        "jzz-midi-smf": "^1.6.7"
      }
    },
    "node_modules/jzz-midi-smf": {
      "version": "1.6.7",
      "resolved": "https://registry.npmjs.org/jzz-midi-smf/-/jzz-midi-smf-1.6.7.tgz",
      "integrity": "sha512-L0S/grcY8jugofSOTa4vtW7LU1rgvlgoC8fd2Vgm8odTiTKegk4/igUThtHq36mMMe/Wsh+nxM4ru/FbqMRDjw==",
      "dependencies": {
        "jzz": "^1.4.7"
      }
    },
    "node_modules/jzz-synth-osc": {
      "version": "1.1.8",
      "resolved": "https://registry.npmjs.org/jzz-synth-osc/-/jzz-synth-osc-1.1.8.tgz",
      "integrity": "sha512-ZFxa08d0lc154cYtkRR8wCZDFCiIY5nehNOiC4dCAmwWB8kPT+eX7CzSyPywhbX7SsTjKkQ6Si5o9uGzOd6czA==",
      "dependencies": {
        "jzz": "^1.1.6"
      }
    },
    "node_modules/jzz-synth-tiny": {
      "version": "1.2.8",
      "resolved": "https://registry.npmjs.org/jzz-synth-tiny/-/jzz-synth-tiny-1.2.8.tgz",
      "integrity": "sha512-VZ9rjnqzIj2e4S4AKBi9cplTBY9O0004yj+GbWfW31SZ31vM2O5AcEzz2vLOwJb/HFad2H4C7NHzDdaPqIrr4g==",
      "dependencies": {
        "jzz": "^1.4.5"
      }
    }
  },
  "dependencies": {
    "@types/webmidi": {
      "version": "2.0.6",
      "resolved": "https://registry.npmjs.org/@types/webmidi/-/webmidi-2.0.6.tgz",
      "integrity": "sha512-sfS0A5IryqmBrUpcGPipEPeFdpqmZzP6b6lZFxHKgz5n2Vhzh4yJ5P2TvoDUhDjqJyv0Y25ng0Qodgo2Vu08ug=="
    },
    "jazz-midi": {
      "version": "1.7.5",
      "resolved": "https://registry.npmjs.org/jazz-midi/-/jazz-midi-1.7.5.tgz",
      "integrity": "sha512-RUxChhn388CZfSymwwgucfaBxGu4Z0eeJOSTnUMsDN2tMx5E8G+o7h2gk/xPaDTfOORnQsJk71VhSuqiw1Hy9Q=="
    },
    "jzz": {
      "version": "1.4.8",
      "resolved": "https://registry.npmjs.org/jzz/-/jzz-1.4.8.tgz",
      "integrity": "sha512-SwFAeLjCHHr0GwymvU0h0soYSv1hwN0AhsqTKD7rJeExEZG0yRktW0f1PrJRUb9Jh542sSaJHDpW58Y1QL4uPQ==",
      "requires": {
        "@types/webmidi": "^2.0.6",
        "jazz-midi": "^1.7.5"
      }
    },
    "jzz-gui-player": {
      "version": "1.5.7",
      "resolved": "https://registry.npmjs.org/jzz-gui-player/-/jzz-gui-player-1.5.7.tgz",
      "integrity": "sha512-2oPchLCzDdt7uutu+I/hb5z95tz3AaMcSFYROG299HNgJzeDA40Skk3+mZe0HSka20+qtcFlj+zbhor4W6Fm+A==",
      "requires": {
        "jzz": "^1.4.8",
        "jzz-midi-smf": "^1.6.7"
      }
    },
    "jzz-midi-smf": {
      "version": "1.6.7",
      "resolved": "https://registry.npmjs.org/jzz-midi-smf/-/jzz-midi-smf-1.6.7.tgz",
      "integrity": "sha512-L0S/grcY8jugofSOTa4vtW7LU1rgvlgoC8fd2Vgm8odTiTKegk4/igUThtHq36mMMe/Wsh+nxM4ru/FbqMRDjw==",
      "requires": {
        "jzz": "^1.4.7"
      }
    },
    "jzz-synth-osc": {
      "version": "1.1.8",
      "resolved": "https://registry.npmjs.org/jzz-synth-osc/-/jzz-synth-osc-1.1.8.tgz",
      "integrity": "sha512-ZFxa08d0lc154cYtkRR8wCZDFCiIY5nehNOiC4dCAmwWB8kPT+eX7CzSyPywhbX7SsTjKkQ6Si5o9uGzOd6czA==",
      "requires": {
        "jzz": "^1.1.6"
      }
    },
    "jzz-synth-tiny": {
      "version": "1.2.8",
      "resolved": "https://registry.npmjs.org/jzz-synth-tiny/-/jzz-synth-tiny-1.2.8.tgz",
      "integrity": "sha512-VZ9rjnqzIj2e4S4AKBi9cplTBY9O0004yj+GbWfW31SZ31vM2O5AcEzz2vLOwJb/HFad2H4C7NHzDdaPqIrr4g==",
      "requires": {
        "jzz": "^1.4.5"
      }
    }
  }
}
